{
  "name": "@singleware/ui-select",
  "version": "1.1.0",
  "lockfileVersion": 1,
  "requires": true,
  "dependencies": {
    "@singleware/class": {
      "version": "1.1.18",
      "resolved": "https://registry.npmjs.org/@singleware/class/-/class-1.1.18.tgz",
      "integrity": "sha512-aAhx9FzWApDL2YLmaJFdzw+nk2WXPC1DsvAqOM/tMJIXqppBA45mtZbuVk6E4mmo9nsdgE3CEegALO/8tA4M8w=="
    },
    "@singleware/jsx": {
      "version": "1.0.19",
      "resolved": "https://registry.npmjs.org/@singleware/jsx/-/jsx-1.0.19.tgz",
      "integrity": "sha512-BBXD7rxDRyAvbO4tsO2Af63pf7wuKM9m7lA7dgunWTLBNm3Ymlp8u11B+Y2pUFF6VLV+yy2sRnBza82F4U1nGQ==",
      "requires": {
        "@singleware/class": "^1.1.14"
      }
    },
    "@singleware/ui-control": {
      "version": "1.1.5",
      "resolved": "https://registry.npmjs.org/@singleware/ui-control/-/ui-control-1.1.5.tgz",
      "integrity": "sha512-qJvTOkcdnLvYXmsTi+D1M8qcZH/gwZPDDuf9tweofVZPq01dQSBxdR1/IVk76rlhO7r6B/zyfQn4qwSkLJQcQw==",
      "requires": {
        "@singleware/class": "^1.1.14",
        "@singleware/jsx": "^1.0.18"
      }
    },
    "prettier": {
      "version": "1.15.3",
      "resolved": "https://registry.npmjs.org/prettier/-/prettier-1.15.3.tgz",
      "integrity": "sha512-gAU9AGAPMaKb3NNSUUuhhFAS7SCO4ALTN4nRIn6PJ075Qd28Yn2Ig2ahEJWdJwJmlEBTUfC7mMUSFy8MwsOCfg==",
      "dev": true
    },
    "typescript": {
      "version": "2.9.2",
      "resolved": "https://registry.npmjs.org/typescript/-/typescript-2.9.2.tgz",
      "integrity": "sha512-Gr4p6nFNaoufRIY4NMdpQRNmgxVIGMs4Fcu/ujdYk3nAZqk7supzBE9idmvfZIlH/Cuj//dvi+019qEue9lV0w==",
      "dev": true
    }
  }
}
