{
  "name": "@singleware/ui-select",
  "version": "1.1.25",
  "lockfileVersion": 1,
  "requires": true,
  "dependencies": {
    "@singleware/class": {
      "version": "1.1.19",
      "resolved": "https://registry.npmjs.org/@singleware/class/-/class-1.1.19.tgz",
      "integrity": "sha512-WDZ+FF8Y+HCMvO3FDbl1id2AT/1GK96DQsg4ukmK3ESqudppbXXVzQe7UdaQJFpWw8yBifm+zAucUgGufXtQiQ=="
    },
    "@singleware/jsx": {
      "version": "1.0.27",
      "resolved": "https://registry.npmjs.org/@singleware/jsx/-/jsx-1.0.27.tgz",
      "integrity": "sha512-/d03f+OA6Uvu63afmsUddFn0bISrs43wfZW5MOW8r94wqF0qNpD7811NygQfo2/Hl8dwKZmrD3FMvi+8sm/3Lg==",
      "requires": {
        "@singleware/class": "^1.1.14"
      }
    },
    "@singleware/oss": {
      "version": "1.0.3",
      "resolved": "https://registry.npmjs.org/@singleware/oss/-/oss-1.0.3.tgz",
      "integrity": "sha512-fEUVbQwTvAHeE5xHY1Vsxw1Wra4HgD1hv0pC4tGCRCL2oINv8/4uGA9wly2SLvODdsXbmZ9ayWhRJptV0SBLcQ==",
      "requires": {
        "@singleware/class": "^1.1.19"
      }
    },
    "@singleware/ui-control": {
      "version": "1.1.10",
      "resolved": "https://registry.npmjs.org/@singleware/ui-control/-/ui-control-1.1.10.tgz",
      "integrity": "sha512-Pe/+gSQAgvY8leqKwZQtxMCBasJ2HjNJ1LC0fxSag9vpO6fQaiOpCi+29Bq3mIlhEMzVm8i5n3IVQ+IdR8H9dg==",
      "requires": {
        "@singleware/class": "^1.1.14",
        "@singleware/jsx": "^1.0.18"
      }
    },
    "prettier": {
      "version": "1.17.1",
      "resolved": "https://registry.npmjs.org/prettier/-/prettier-1.17.1.tgz",
      "integrity": "sha512-TzGRNvuUSmPgwivDqkZ9tM/qTGW9hqDKWOE9YHiyQdixlKbv7kvEqsmDPrcHJTKwthU774TQwZXVtaQ/mMsvjg==",
      "dev": true
    },
    "typescript": {
      "version": "2.9.2",
      "resolved": "https://registry.npmjs.org/typescript/-/typescript-2.9.2.tgz",
      "integrity": "sha512-Gr4p6nFNaoufRIY4NMdpQRNmgxVIGMs4Fcu/ujdYk3nAZqk7supzBE9idmvfZIlH/Cuj//dvi+019qEue9lV0w==",
      "dev": true
    }
  }
}
